
Microsoft Visual Studio Solution File, Format Version 12.00
# Visual Studio 15
VisualStudioVersion = 15.0.28307.106
MinimumVisualStudioVersion = 10.0.40219.1
Project("{FAE04EC0-301F-11D3-BF4B-00C04F79EFBC}") = "crud-razor-2.1", "crud-razor-2.1\crud-razor-2.1.csproj", "{AD5A3F47-8719-4667-9623-D8F2111A420A}"
EndProject
Global
	GlobalSection(SolutionConfigurationPlatforms) = preSolution
		Debug|Any CPU = Debug|Any CPU
		Release|Any CPU = Release|Any CPU
	EndGlobalSection
	GlobalSection(ProjectConfigurationPlatforms) = postSolution
		{AD5A3F47-8719-4667-9623-D8F2111A420A}.Debug|Any CPU.ActiveCfg = Debug|Any CPU
		{AD5A3F47-8719-4667-9623-D8F2111A420A}.Debug|Any CPU.Build.0 = Debug|Any CPU
		{AD5A3F47-8719-4667-9623-D8F2111A420A}.Release|Any CPU.ActiveCfg = Release|Any CPU
		{AD5A3F47-8719-4667-9623-D8F2111A420A}.Release|Any CPU.Build.0 = Release|Any CPU
	EndGlobalSection
	GlobalSection(SolutionProperties) = preSolution
		HideSolutionNode = FALSE
	EndGlobalSection
	GlobalSection(ExtensibilityGlobals) = postSolution
		SolutionGuid = {49C7E278-47A5-41BB-A724-1BBC2AE25090}
	EndGlobalSection
EndGlobal
